// !$*UTF8*$!
{
	archiveVersion = 1;
	classes = {
	};
	objectVersion = 46;
	objects = {

/* Begin PBXBuildFile section */
		17E9DCEE1B164D49004B18F5 /* AppDelegate.swift in Sources */ = {isa = PBXBuildFile; fileRef = 17E9DCED1B164D49004B18F5 /* AppDelegate.swift */; };
		17E9DCF01B164D49004B18F5 /* ViewController.swift in Sources */ = {isa = PBXBuildFile; fileRef = 17E9DCEF1B164D49004B18F5 /* ViewController.swift */; };
		17E9DCF31B164D49004B18F5 /* Main.storyboard in Resources */ = {isa = PBXBuildFile; fileRef = 17E9DCF11B164D49004B18F5 /* Main.storyboard */; };
		17E9DCF51B164D49004B18F5 /* Images.xcassets in Resources */ = {isa = PBXBuildFile; fileRef = 17E9DCF41B164D49004B18F5 /* Images.xcassets */; };
		17E9DCF81B164D49004B18F5 /* LaunchScreen.xib in Resources */ = {isa = PBXBuildFile; fileRef = 17E9DCF61B164D49004B18F5 /* LaunchScreen.xib */; };
		17E9DD041B164D49004B18F5 /* blongTests.swift in Sources */ = {isa = PBXBuildFile; fileRef = 17E9DD031B164D49004B18F5 /* blongTests.swift */; };
/* End PBXBuildFile section */

/* Begin PBXContainerItemProxy section */
		17E9DCFE1B164D49004B18F5 /* PBXContainerItemProxy */ = {
			isa = PBXContainerItemProxy;
			containerPortal = 17E9DCE01B164D49004B18F5 /* Project object */;
			proxyType = 1;
			remoteGlobalIDString = 17E9DCE71B164D49004B18F5;
			remoteInfo = blong;
		};
/* End PBXContainerItemProxy section */

/* Begin PBXFileReference section */
		17E9DCE81B164D49004B18F5 /* blong.app */ = {isa = PBXFileReference; explicitFileType = wrapper.application; includeInIndex = 0; path = blong.app; sourceTree = BUILT_PRODUCTS_DIR; };
		17E9DCEC1B164D49004B18F5 /* Info.plist */ = {isa = PBXFileReference; lastKnownFileType = text.plist.xml; path = Info.plist; sourceTree = "<group>"; };
		17E9DCED1B164D49004B18F5 /* AppDelegate.swift */ = {isa = PBXFileReference; lastKnownFileType = sourcecode.swift; path = AppDelegate.swift; sourceTree = "<group>"; };
		17E9DCEF1B164D49004B18F5 /* ViewController.swift */ = {isa = PBXFileReference; lastKnownFileType = sourcecode.swift; path = ViewController.swift; sourceTree = "<group>"; };
		17E9DCF21B164D49004B18F5 /* Base */ = {isa = PBXFileReference; lastKnownFileType = file.storyboard; name = Base; path = Base.lproj/Main.storyboard; sourceTree = "<group>"; };
		17E9DCF41B164D49004B18F5 /* Images.xcassets */ = {isa = PBXFileReference; lastKnownFileType = folder.assetcatalog; path = Images.xcassets; sourceTree = "<group>"; };
		17E9DCF71B164D49004B18F5 /* Base */ = {isa = PBXFileReference; lastKnownFileType = file.xib; name = Base; path = Base.lproj/LaunchScreen.xib; sourceTree = "<group>"; };
		17E9DCFD1B164D49004B18F5 /* blongTests.xctest */ = {isa = PBXFileReference; explicitFileType = wrapper.cfbundle; includeInIndex = 0; path = blongTests.xctest; sourceTree = BUILT_PRODUCTS_DIR; };
		17E9DD021B164D49004B18F5 /* Info.plist */ = {isa = PBXFileReference; lastKnownFileType = text.plist.xml; path = Info.plist; sourceTree = "<group>"; };
		17E9DD031B164D49004B18F5 /* blongTests.swift */ = {isa = PBXFileReference; lastKnownFileType = sourcecode.swift; path = blongTests.swift; sourceTree = "<group>"; };
/* End PBXFileReference section */

/* Begin PBXFrameworksBuildPhase section */
		17E9DCE51B164D49004B18F5 /* Frameworks */ = {
			isa = PBXFrameworksBuildPhase;
			buildActionMask = 2147483647;
			files = (
			);
			runOnlyForDeploymentPostprocessing = 0;
		};
		17E9DCFA1B164D49004B18F5 /* Frameworks */ = {
			isa = PBXFrameworksBuildPhase;
			buildActionMask = 2147483647;
			files = (
			);
			runOnlyForDeploymentPostprocessing = 0;
		};
/* End PBXFrameworksBuildPhase section */

/* Begin PBXGroup section */
		17E9DCDF1B164D49004B18F5 = {
			isa = PBXGroup;
			children = (
				17E9DCEA1B164D49004B18F5 /* blong */,
				17E9DD001B164D49004B18F5 /* blongTests */,
				17E9DCE91B164D49004B18F5 /* Products */,
			);
			sourceTree = "<group>";
		};
		17E9DCE91B164D49004B18F5 /* Products */ = {
			isa = PBXGroup;
			children = (
				17E9DCE81B164D49004B18F5 /* blong.app */,
				17E9DCFD1B164D49004B18F5 /* blongTests.xctest */,
			);
			name = Products;
			sourceTree = "<group>";
		};
		17E9DCEA1B164D49004B18F5 /* blong */ = {
			isa = PBXGroup;
			children = (
				17E9DCED1B164D49004B18F5 /* AppDelegate.swift */,
				17E9DCEF1B164D49004B18F5 /* ViewController.swift */,
				17E9DCF11B164D49004B18F5 /* Main.storyboard */,
				17E9DCF41B164D49004B18F5 /* Images.xcassets */,
				17E9DCF61B164D49004B18F5 /* LaunchScreen.xib */,
				17E9DCEB1B164D49004B18F5 /* Supporting Files */,
			);
			path = blong;
			sourceTree = "<group>";
		};
		17E9DCEB1B164D49004B18F5 /* Supporting Files */ = {
			isa = PBXGroup;
			children = (
				17E9DCEC1B164D49004B18F5 /* Info.plist */,
			);
			name = "Supporting Files";
			sourceTree = "<group>";
		};
		17E9DD001B164D49004B18F5 /* blongTests */ = {
			isa = PBXGroup;
			children = (
				17E9DD031B164D49004B18F5 /* blongTests.swift */,
				17E9DD011B164D49004B18F5 /* Supporting Files */,
			);
			path = blongTests;
			sourceTree = "<group>";
		};
		17E9DD011B164D49004B18F5 /* Supporting Files */ = {
			isa = PBXGroup;
			children = (
				17E9DD021B164D49004B18F5 /* Info.plist */,
			);
			name = "Supporting Files";
			sourceTree = "<group>";
		};
/* End PBXGroup section */

/* Begin PBXNativeTarget section */
		17E9DCE71B164D49004B18F5 /* blong */ = {
			isa = PBXNativeTarget;
			buildConfigurationList = 17E9DD071B164D49004B18F5 /* Build configuration list for PBXNativeTarget "blong" */;
			buildPhases = (
				17E9DCE41B164D49004B18F5 /* Sources */,
				17E9DCE51B164D49004B18F5 /* Frameworks */,
				17E9DCE61B164D49004B18F5 /* Resources */,
			);
			buildRules = (
			);
			dependencies = (
			);
			name = blong;
			productName = blong;
			productReference = 17E9DCE81B164D49004B18F5 /* blong.app */;
			productType = "com.apple.product-type.application";
		};
		17E9DCFC1B164D49004B18F5 /* blongTests */ = {
			isa = PBXNativeTarget;
			buildConfigurationList = 17E9DD0A1B164D49004B18F5 /* Build configuration list for PBXNativeTarget "blongTests" */;
			buildPhases = (
				17E9DCF91B164D49004B18F5 /* Sources */,
				17E9DCFA1B164D49004B18F5 /* Frameworks */,
				17E9DCFB1B164D49004B18F5 /* Resources */,
			);
			buildRules = (
			);
			dependencies = (
				17E9DCFF1B164D49004B18F5 /* PBXTargetDependency */,
			);
			name = blongTests;
			productName = blongTests;
			productReference = 17E9DCFD1B164D49004B18F5 /* blongTests.xctest */;
			productType = "com.apple.product-type.bundle.unit-test";
		};
/* End PBXNativeTarget section */

/* Begin PBXProject section */
		17E9DCE01B164D49004B18F5 /* Project object */ = {
			isa = PBXProject;
			attributes = {
				LastUpgradeCheck = 0630;
				ORGANIZATIONNAME = "kevcol inc.";
				TargetAttributes = {
					17E9DCE71B164D49004B18F5 = {
						CreatedOnToolsVersion = 6.3.1;
					};
					17E9DCFC1B164D49004B18F5 = {
						CreatedOnToolsVersion = 6.3.1;
						TestTargetID = 17E9DCE71B164D49004B18F5;
					};
				};
			};
			buildConfigurationList = 17E9DCE31B164D49004B18F5 /* Build configuration list for PBXProject "blong" */;
			compatibilityVersion = "Xcode 3.2";
			developmentRegion = English;
			hasScannedForEncodings = 0;
			knownRegions = (
				en,
				Base,
			);
			mainGroup = 17E9DCDF1B164D49004B18F5;
			productRefGroup = 17E9DCE91B164D49004B18F5 /* Products */;
			projectDirPath = "";
			projectRoot = "";
			targets = (
				17E9DCE71B164D49004B18F5 /* blong */,
				17E9DCFC1B164D49004B18F5 /* blongTests */,
			);
		};
/* End PBXProject section */

/* Begin PBXResourcesBuildPhase section */
		17E9DCE61B164D49004B18F5 /* Resources */ = {
			isa = PBXResourcesBuildPhase;
			buildActionMask = 2147483647;
			files = (
				17E9DCF31B164D49004B18F5 /* Main.storyboard in Resources */,
				17E9DCF81B164D49004B18F5 /* LaunchScreen.xib in Resources */,
				17E9DCF51B164D49004B18F5 /* Images.xcassets in Resources */,
			);
			runOnlyForDeploymentPostprocessing = 0;
		};
		17E9DCFB1B164D49004B18F5 /* Resources */ = {
			isa = PBXResourcesBuildPhase;
			buildActionMask = 2147483647;
			files = (
			);
			runOnlyForDeploymentPostprocessing = 0;
		};
/* End PBXResourcesBuildPhase section */

/* Begin PBXSourcesBuildPhase section */
		17E9DCE41B164D49004B18F5 /* Sources */ = {
			isa = PBXSourcesBuildPhase;
			buildActionMask = 2147483647;
			files = (
				17E9DCF01B164D49004B18F5 /* ViewController.swift in Sources */,
				17E9DCEE1B164D49004B18F5 /* AppDelegate.swift in Sources */,
			);
			runOnlyForDeploymentPostprocessing = 0;
		};
		17E9DCF91B164D49004B18F5 /* Sources */ = {
			isa = PBXSourcesBuildPhase;
			buildActionMask = 2147483647;
			files = (
				17E9DD041B164D49004B18F5 /* blongTests.swift in Sources */,
			);
			runOnlyForDeploymentPostprocessing = 0;
		};
/* End PBXSourcesBuildPhase section */

/* Begin PBXTargetDependency section */
		17E9DCFF1B164D49004B18F5 /* PBXTargetDependency */ = {
			isa = PBXTargetDependency;
			target = 17E9DCE71B164D49004B18F5 /* blong */;
			targetProxy = 17E9DCFE1B164D49004B18F5 /* PBXContainerItemProxy */;
		};
/* End PBXTargetDependency section */

/* Begin PBXVariantGroup section */
		17E9DCF11B164D49004B18F5 /* Main.storyboard */ = {
			isa = PBXVariantGroup;
			children = (
				17E9DCF21B164D49004B18F5 /* Base */,
			);
			name = Main.storyboard;
			sourceTree = "<group>";
		};
		17E9DCF61B164D49004B18F5 /* LaunchScreen.xib */ = {
			isa = PBXVariantGroup;
			children = (
				17E9DCF71B164D49004B18F5 /* Base */,
			);
			name = LaunchScreen.xib;
			sourceTree = "<group>";
		};
/* End PBXVariantGroup section */

/* Begin XCBuildConfiguration section */
		17E9DD051B164D49004B18F5 /* Debug */ = {
			isa = XCBuildConfiguration;
			buildSettings = {
				ALWAYS_SEARCH_USER_PATHS = NO;
				CLANG_CXX_LANGUAGE_STANDARD = "gnu++0x";
				CLANG_CXX_LIBRARY = "libc++";
				CLANG_ENABLE_MODULES = YES;
				CLANG_ENABLE_OBJC_ARC = YES;
				CLANG_WARN_BOOL_CONVERSION = YES;
				CLANG_WARN_CONSTANT_CONVERSION = YES;
				CLANG_WARN_DIRECT_OBJC_ISA_USAGE = YES_ERROR;
				CLANG_WARN_EMPTY_BODY = YES;
				CLANG_WARN_ENUM_CONVERSION = YES;
				CLANG_WARN_INT_CONVERSION = YES;
				CLANG_WARN_OBJC_ROOT_CLASS = YES_ERROR;
				CLANG_WARN_UNREACHABLE_CODE = YES;
				CLANG_WARN__DUPLICATE_METHOD_MATCH = YES;
				"CODE_SIGN_IDENTITY[sdk=iphoneos*]" = "iPhone Developer";
				COPY_PHASE_STRIP = NO;
				DEBUG_INFORMATION_FORMAT = "dwarf-with-dsym";
				ENABLE_STRICT_OBJC_MSGSEND = YES;
				GCC_C_LANGUAGE_STANDARD = gnu99;
				GCC_DYNAMIC_NO_PIC = NO;
				GCC_NO_COMMON_BLOCKS = YES;
				GCC_OPTIMIZATION_LEVEL = 0;
				GCC_PREPROCESSOR_DEFINITIONS = (
					"DEBUG=1",
					"$(inherited)",
				);
				GCC_SYMBOLS_PRIVATE_EXTERN = NO;
				GCC_WARN_64_TO_32_BIT_CONVERSION = YES;
				GCC_WARN_ABOUT_RETURN_TYPE = YES_ERROR;
				GCC_WARN_UNDECLARED_SELECTOR = YES;
				GCC_WARN_UNINITIALIZED_AUTOS = YES_AGGRESSIVE;
				GCC_WARN_UNUSED_FUNCTION = YES;
				GCC_WARN_UNUSED_VARIABLE = YES;
				IPHONEOS_DEPLOYMENT_TARGET = 8.3;
				MTL_ENABLE_DEBUG_INFO = YES;
				ONLY_ACTIVE_ARCH = YES;
				SDKROOT = iphoneos;
				SWIFT_OPTIMIZATION_LEVEL = "-Onone";
			};
			name = Debug;
		};
		17E9DD061B164D49004B18F5 /* Release */ = {
			isa = XCBuildConfiguration;
			buildSettings = {
				ALWAYS_SEARCH_USER_PATHS = NO;
				CLANG_CXX_LANGUAGE_STANDARD = "gnu++0x";
				CLANG_CXX_LIBRARY = "libc++";
				CLANG_ENABLE_MODULES = YES;
				CLANG_ENABLE_OBJC_ARC = YES;
				CLANG_WARN_BOOL_CONVERSION = YES;
				CLANG_WARN_CONSTANT_CONVERSION = YES;
				CLANG_WARN_DIRECT_OBJC_ISA_USAGE = YES_ERROR;
				CLANG_WARN_EMPTY_BODY = YES;
				CLANG_WARN_ENUM_CONVERSION = YES;
				CLANG_WARN_INT_CONVERSION = YES;
				CLANG_WARN_OBJC_ROOT_CLASS = YES_ERROR;
				CLANG_WARN_UNREACHABLE_CODE = YES;
				CLANG_WARN__DUPLICATE_METHOD_MATCH = YES;
				"CODE_SIGN_IDENTITY[sdk=iphoneos*]" = "iPhone Developer";
				COPY_PHASE_STRIP = NO;
				DEBUG_INFORMATION_FORMAT = "dwarf-with-dsym";
				ENABLE_NS_ASSERTIONS = NO;
				ENABLE_STRICT_OBJC_MSGSEND = YES;
				GCC_C_LANGUAGE_STANDARD = gnu99;
				GCC_NO_COMMON_BLOCKS = YES;
				GCC_WARN_64_TO_32_BIT_CONVERSION = YES;
				GCC_WARN_ABOUT_RETURN_TYPE = YES_ERROR;
				GCC_WARN_UNDECLARED_SELECTOR = YES;
				GCC_WARN_UNINITIALIZED_AUTOS = YES_AGGRESSIVE;
				GCC_WARN_UNUSED_FUNCTION = YES;
				GCC_WARN_UNUSED_VARIABLE = YES;
				IPHONEOS_DEPLOYMENT_TARGET = 8.3;
				MTL_ENABLE_DEBUG_INFO = NO;
				SDKROOT = iphoneos;
				VALIDATE_PRODUCT = YES;
			};
			name = Release;
		};
		17E9DD081B164D49004B18F5 /* Debug */ = {
			isa = XCBuildConfiguration;
			buildSettings = {
				ASSETCATALOG_COMPILER_APPICON_NAME = AppIcon;
				INFOPLIST_FILE = blong/Info.plist;
				LD_RUNPATH_SEARCH_PATHS = "$(inherited) @executable_path/Frameworks";
				PRODUCT_NAME = "$(TARGET_NAME)";
			};
			name = Debug;
		};
		17E9DD091B164D49004B18F5 /* Release */ = {
			isa = XCBuildConfiguration;
			buildSettings = {
				ASSETCATALOG_COMPILER_APPICON_NAME = AppIcon;
				INFOPLIST_FILE = blong/Info.plist;
				LD_RUNPATH_SEARCH_PATHS = "$(inherited) @executable_path/Frameworks";
				PRODUCT_NAME = "$(TARGET_NAME)";
			};
			name = Release;
		};
		17E9DD0B1B164D49004B18F5 /* Debug */ = {
			isa = XCBuildConfiguration;
			buildSettings = {
				BUNDLE_LOADER = "$(TEST_HOST)";
				FRAMEWORK_SEARCH_PATHS = (
					"$(SDKROOT)/Developer/Library/Frameworks",
					"$(inherited)",
				);
				GCC_PREPROCESSOR_DEFINITIONS = (
					"DEBUG=1",
					"$(inherited)",
				);
				INFOPLIST_FILE = blongTests/Info.plist;
				LD_RUNPATH_SEARCH_PATHS = "$(inherited) @executable_path/Frameworks @loader_path/Frameworks";
				PRODUCT_NAME = "$(TARGET_NAME)";
				TEST_HOST = "$(BUILT_PRODUCTS_DIR)/blong.app/blong";
			};
			name = Debug;
		};
		17E9DD0C1B164D49004B18F5 /* Release */ = {
			isa = XCBuildConfiguration;
			buildSettings = {
				BUNDLE_LOADER = "$(TEST_HOST)";
				FRAMEWORK_SEARCH_PATHS = (
					"$(SDKROOT)/Developer/Library/Frameworks",
					"$(inherited)",
				);
				INFOPLIST_FILE = blongTests/Info.plist;
				LD_RUNPATH_SEARCH_PATHS = "$(inherited) @executable_path/Frameworks @loader_path/Frameworks";
				PRODUCT_NAME = "$(TARGET_NAME)";
				TEST_HOST = "$(BUILT_PRODUCTS_DIR)/blong.app/blong";
			};
			name = Release;
		};
/* End XCBuildConfiguration section */

/* Begin XCConfigurationList section */
		17E9DCE31B164D49004B18F5 /* Build configuration list for PBXProject "blong" */ = {
			isa = XCConfigurationList;
			buildConfigurations = (
				17E9DD051B164D49004B18F5 /* Debug */,
				17E9DD061B164D49004B18F5 /* Release */,
			);
			defaultConfigurationIsVisible = 0;
			defaultConfigurationName = Release;
		};
		17E9DD071B164D49004B18F5 /* Build configuration list for PBXNativeTarget "blong" */ = {
			isa = XCConfigurationList;
			buildConfigurations = (
				17E9DD081B164D49004B18F5 /* Debug */,
				17E9DD091B164D49004B18F5 /* Release */,
			);
			defaultConfigurationIsVisible = 0;
		};
		17E9DD0A1B164D49004B18F5 /* Build configuration list for PBXNativeTarget "blongTests" */ = {
			isa = XCConfigurationList;
			buildConfigurations = (
				17E9DD0B1B164D49004B18F5 /* Debug */,
				17E9DD0C1B164D49004B18F5 /* Release */,
			);
			defaultConfigurationIsVisible = 0;
		};
/* End XCConfigurationList section */
	};
	rootObject = 17E9DCE01B164D49004B18F5 /* Project object */;
}
